
Microsoft Visual Studio Solution File, Format Version 12.00
# Visual Studio Version 17
VisualStudioVersion = 17.14.36518.9
MinimumVisualStudioVersion = 10.0.40219.1
Project("{FAE04EC0-301F-11D3-BF4B-00C04F79EFBC}") = "RetailManagementAppFunctions", "RetailManagementAppFunctions.csproj", "{6C3CADF9-8ACA-489C-8CD0-043E1F8DB3BB}"
EndProject
Global
	GlobalSection(SolutionConfigurationPlatforms) = preSolution
		Debug|Any CPU = Debug|Any CPU
		Release|Any CPU = Release|Any CPU
	EndGlobalSection
	GlobalSection(ProjectConfigurationPlatforms) = postSolution
		{6C3CADF9-8ACA-489C-8CD0-043E1F8DB3BB}.Debug|Any CPU.ActiveCfg = Debug|Any CPU
		{6C3CADF9-8ACA-489C-8CD0-043E1F8DB3BB}.Debug|Any CPU.Build.0 = Debug|Any CPU
		{6C3CADF9-8ACA-489C-8CD0-043E1F8DB3BB}.Release|Any CPU.ActiveCfg = Release|Any CPU
		{6C3CADF9-8ACA-489C-8CD0-043E1F8DB3BB}.Release|Any CPU.Build.0 = Release|Any CPU
	EndGlobalSection
	GlobalSection(SolutionProperties) = preSolution
		HideSolutionNode = FALSE
	EndGlobalSection
	GlobalSection(ExtensibilityGlobals) = postSolution
		SolutionGuid = {14251703-F44D-46D9-A55A-40AFD70C2A78}
	EndGlobalSection
EndGlobal
